
Microsoft Visual Studio Solution File, Format Version 12.00
# Visual Studio Version 16
VisualStudioVersion = 16.0.31729.503
MinimumVisualStudioVersion = 10.0.40219.1
Project("{FAE04EC0-301F-11D3-BF4B-00C04F79EFBC}") = "I challenge you 3.0", "I challenge you 3.0\I challenge you 3.0.csproj", "{F11E646C-3E8F-4708-A47A-05C680643E77}"
EndProject
Global
	GlobalSection(SolutionConfigurationPlatforms) = preSolution
		Debug|Any CPU = Debug|Any CPU
		Release|Any CPU = Release|Any CPU
	EndGlobalSection
	GlobalSection(ProjectConfigurationPlatforms) = postSolution
		{F11E646C-3E8F-4708-A47A-05C680643E77}.Debug|Any CPU.ActiveCfg = Debug|Any CPU
		{F11E646C-3E8F-4708-A47A-05C680643E77}.Debug|Any CPU.Build.0 = Debug|Any CPU
		{F11E646C-3E8F-4708-A47A-05C680643E77}.Release|Any CPU.ActiveCfg = Release|Any CPU
		{F11E646C-3E8F-4708-A47A-05C680643E77}.Release|Any CPU.Build.0 = Release|Any CPU
	EndGlobalSection
	GlobalSection(SolutionProperties) = preSolution
		HideSolutionNode = FALSE
	EndGlobalSection
	GlobalSection(ExtensibilityGlobals) = postSolution
		SolutionGuid = {D3AB9DA5-FDFA-4D0E-82B7-2906BEC8839F}
	EndGlobalSection
EndGlobal
